
Microsoft Visual Studio Solution File, Format Version 12.00
# Visual Studio Version 17
VisualStudioVersion = 17.4.33103.184
MinimumVisualStudioVersion = 10.0.40219.1
Project("{FAE04EC0-301F-11D3-BF4B-00C04F79EFBC}") = "AdventOfCode", "AdventOfCode\AdventOfCode.csproj", "{618CC34A-8A09-464A-AEDB-A07140B9E543}"
EndProject
Global
	GlobalSection(SolutionConfigurationPlatforms) = preSolution
		Debug|Any CPU = Debug|Any CPU
		Release|Any CPU = Release|Any CPU
	EndGlobalSection
	GlobalSection(ProjectConfigurationPlatforms) = postSolution
		{618CC34A-8A09-464A-AEDB-A07140B9E543}.Debug|Any CPU.ActiveCfg = Debug|Any CPU
		{618CC34A-8A09-464A-AEDB-A07140B9E543}.Debug|Any CPU.Build.0 = Debug|Any CPU
		{618CC34A-8A09-464A-AEDB-A07140B9E543}.Release|Any CPU.ActiveCfg = Release|Any CPU
		{618CC34A-8A09-464A-AEDB-A07140B9E543}.Release|Any CPU.Build.0 = Release|Any CPU
	EndGlobalSection
	GlobalSection(SolutionProperties) = preSolution
		HideSolutionNode = FALSE
	EndGlobalSection
	GlobalSection(ExtensibilityGlobals) = postSolution
		SolutionGuid = {A2A38052-A9F8-4903-809D-71A49523A407}
	EndGlobalSection
EndGlobal
